{
  "name": "baseplate",
  "version": "1.0.0",
  "description": "Roblox game discovery backend - scrapes and serves game data",
  "main": "server.js",
  "type": "commonjs",
  "scripts": {
    "start": "node server.js",
    "scrape": "node scraper.js"
  },
  "dependencies": {
    "express": "^4.19.2",
    "better-sqlite3": "^11.3.0",
    "node-fetch": "^2.7.0",
    "cors": "^2.8.5"
  },
  "engines": {
    "node": ">=18"
  }
}
